// !$*UTF8*$!
{
	archiveVersion = 1;
	classes = {
	};
	objectVersion = 50;
	objects = {

/* Begin PBXBuildFile section */
		232DE56322298F7E00BBFC44 /* CreateCustomerView.xib in Resources */ = {isa = PBXBuildFile; fileRef = 232DE56222298F7E00BBFC44 /* CreateCustomerView.xib */; };
		232DE5652229931F00BBFC44 /* CreateCustomerViewController.swift in Sources */ = {isa = PBXBuildFile; fileRef = 232DE5642229931F00BBFC44 /* CreateCustomerViewController.swift */; };
		232DE5682229939100BBFC44 /* DeleteCustomerViewController.swift in Sources */ = {isa = PBXBuildFile; fileRef = 232DE5672229939100BBFC44 /* DeleteCustomerViewController.swift */; };
		232DE56A2229944100BBFC44 /* DisplayCustomerViewController.swift in Sources */ = {isa = PBXBuildFile; fileRef = 232DE5692229944100BBFC44 /* DisplayCustomerViewController.swift */; };
		232DE56E2229A10A00BBFC44 /* DeleteCustomerView.xib in Resources */ = {isa = PBXBuildFile; fileRef = 232DE56D2229A10A00BBFC44 /* DeleteCustomerView.xib */; };
		232DE5702229A11C00BBFC44 /* DisplayCustomerView.xib in Resources */ = {isa = PBXBuildFile; fileRef = 232DE56F2229A11C00BBFC44 /* DisplayCustomerView.xib */; };
		232DE572222A149900BBFC44 /* CreateMovieViewController.swift in Sources */ = {isa = PBXBuildFile; fileRef = 232DE571222A149900BBFC44 /* CreateMovieViewController.swift */; };
		232DE574222A14E400BBFC44 /* DeleteMovieViewController.swift in Sources */ = {isa = PBXBuildFile; fileRef = 232DE573222A14E400BBFC44 /* DeleteMovieViewController.swift */; };
		232DE576222A150000BBFC44 /* DisplayMovieViewController.swift in Sources */ = {isa = PBXBuildFile; fileRef = 232DE575222A150000BBFC44 /* DisplayMovieViewController.swift */; };
		232DE578222A151000BBFC44 /* CreateBookingViewController.swift in Sources */ = {isa = PBXBuildFile; fileRef = 232DE577222A151000BBFC44 /* CreateBookingViewController.swift */; };
		232DE57A222A155000BBFC44 /* SearchBookingViewController.swift in Sources */ = {isa = PBXBuildFile; fileRef = 232DE579222A155000BBFC44 /* SearchBookingViewController.swift */; };
		232DE57C222A158300BBFC44 /* DeleteBookingViewController.swift in Sources */ = {isa = PBXBuildFile; fileRef = 232DE57B222A158300BBFC44 /* DeleteBookingViewController.swift */; };
		232DE57E222A159B00BBFC44 /* CreateMovieView.xib in Resources */ = {isa = PBXBuildFile; fileRef = 232DE57D222A159B00BBFC44 /* CreateMovieView.xib */; };
		232DE580222A19C200BBFC44 /* DeleteMovieView.xib in Resources */ = {isa = PBXBuildFile; fileRef = 232DE57F222A19C200BBFC44 /* DeleteMovieView.xib */; };
		232DE582222A1A2800BBFC44 /* DisplayMovieView.xib in Resources */ = {isa = PBXBuildFile; fileRef = 232DE581222A1A2800BBFC44 /* DisplayMovieView.xib */; };
		232DE584222A1A7800BBFC44 /* CreateBookingView.xib in Resources */ = {isa = PBXBuildFile; fileRef = 232DE583222A1A7800BBFC44 /* CreateBookingView.xib */; };
		232DE586222A1BFC00BBFC44 /* DeleteBookingView.xib in Resources */ = {isa = PBXBuildFile; fileRef = 232DE585222A1BFC00BBFC44 /* DeleteBookingView.xib */; };
		232DE588222A1C9100BBFC44 /* SearchBookingView.xib in Resources */ = {isa = PBXBuildFile; fileRef = 232DE587222A1C9100BBFC44 /* SearchBookingView.xib */; };
		232DE58A222A539100BBFC44 /* DisplayBookingViewController.swift in Sources */ = {isa = PBXBuildFile; fileRef = 232DE589222A539100BBFC44 /* DisplayBookingViewController.swift */; };
		232DE58C222A53B800BBFC44 /* DisplayBookingView.xib in Resources */ = {isa = PBXBuildFile; fileRef = 232DE58B222A53B800BBFC44 /* DisplayBookingView.xib */; };
		232DE58F222A576E00BBFC44 /* Booking.swift in Sources */ = {isa = PBXBuildFile; fileRef = 232DE58E222A576E00BBFC44 /* Booking.swift */; };
		232DE591222A578800BBFC44 /* Customer.swift in Sources */ = {isa = PBXBuildFile; fileRef = 232DE590222A578800BBFC44 /* Customer.swift */; };
		232DE593222A57A200BBFC44 /* Movie.swift in Sources */ = {isa = PBXBuildFile; fileRef = 232DE592222A57A200BBFC44 /* Movie.swift */; };
		23508A73222983C0007727CE /* ManageBookingViewController.swift in Sources */ = {isa = PBXBuildFile; fileRef = 23508A72222983C0007727CE /* ManageBookingViewController.swift */; };
		23508A7922298445007727CE /* ManageBookingMenu.xib in Resources */ = {isa = PBXBuildFile; fileRef = 23508A7822298445007727CE /* ManageBookingMenu.xib */; };
		2379BCE72227200000815893 /* AppDelegate.swift in Sources */ = {isa = PBXBuildFile; fileRef = 2379BCE62227200000815893 /* AppDelegate.swift */; };
		2379BCE92227200000815893 /* ViewController.swift in Sources */ = {isa = PBXBuildFile; fileRef = 2379BCE82227200000815893 /* ViewController.swift */; };
		2379BCEE2227200200815893 /* Assets.xcassets in Resources */ = {isa = PBXBuildFile; fileRef = 2379BCED2227200200815893 /* Assets.xcassets */; };
		2379BCF12227200200815893 /* LaunchScreen.storyboard in Resources */ = {isa = PBXBuildFile; fileRef = 2379BCEF2227200200815893 /* LaunchScreen.storyboard */; };
		2379BCFC2227200200815893 /* assignment6Tests.swift in Sources */ = {isa = PBXBuildFile; fileRef = 2379BCFB2227200200815893 /* assignment6Tests.swift */; };
		2379BD072227200200815893 /* assignment6UITests.swift in Sources */ = {isa = PBXBuildFile; fileRef = 2379BD062227200200815893 /* assignment6UITests.swift */; };
		2379BD15222729D500815893 /* Main.xib in Resources */ = {isa = PBXBuildFile; fileRef = 2379BD14222729D500815893 /* Main.xib */; };
		2379BD1722287D4D00815893 /* ManageCustomerMenu.xib in Resources */ = {isa = PBXBuildFile; fileRef = 2379BD1622287D4D00815893 /* ManageCustomerMenu.xib */; };
		2379BD192228836800815893 /* ManageCustomerViewController.swift in Sources */ = {isa = PBXBuildFile; fileRef = 2379BD182228836800815893 /* ManageCustomerViewController.swift */; };
		2379BD1B222889CF00815893 /* ManageMovieMenu.xib in Resources */ = {isa = PBXBuildFile; fileRef = 2379BD1A222889CF00815893 /* ManageMovieMenu.xib */; };
		2379BD1D22288A7800815893 /* ManageMovieViewController.swift in Sources */ = {isa = PBXBuildFile; fileRef = 2379BD1C22288A7800815893 /* ManageMovieViewController.swift */; };
/* End PBXBuildFile section */

/* Begin PBXContainerItemProxy section */
		2379BCF82227200200815893 /* PBXContainerItemProxy */ = {
			isa = PBXContainerItemProxy;
			containerPortal = 2379BCDB22271FFF00815893 /* Project object */;
			proxyType = 1;
			remoteGlobalIDString = 2379BCE222271FFF00815893;
			remoteInfo = assignment6;
		};
		2379BD032227200200815893 /* PBXContainerItemProxy */ = {
			isa = PBXContainerItemProxy;
			containerPortal = 2379BCDB22271FFF00815893 /* Project object */;
			proxyType = 1;
			remoteGlobalIDString = 2379BCE222271FFF00815893;
			remoteInfo = assignment6;
		};
/* End PBXContainerItemProxy section */

/* Begin PBXFileReference section */
		232DE56222298F7E00BBFC44 /* CreateCustomerView.xib */ = {isa = PBXFileReference; lastKnownFileType = file.xib; path = CreateCustomerView.xib; sourceTree = "<group>"; };
		232DE5642229931F00BBFC44 /* CreateCustomerViewController.swift */ = {isa = PBXFileReference; lastKnownFileType = sourcecode.swift; path = CreateCustomerViewController.swift; sourceTree = "<group>"; };
		232DE5672229939100BBFC44 /* DeleteCustomerViewController.swift */ = {isa = PBXFileReference; lastKnownFileType = sourcecode.swift; path = DeleteCustomerViewController.swift; sourceTree = "<group>"; };
		232DE5692229944100BBFC44 /* DisplayCustomerViewController.swift */ = {isa = PBXFileReference; lastKnownFileType = sourcecode.swift; path = DisplayCustomerViewController.swift; sourceTree = "<group>"; };
		232DE56D2229A10A00BBFC44 /* DeleteCustomerView.xib */ = {isa = PBXFileReference; lastKnownFileType = file.xib; path = DeleteCustomerView.xib; sourceTree = "<group>"; };
		232DE56F2229A11C00BBFC44 /* DisplayCustomerView.xib */ = {isa = PBXFileReference; lastKnownFileType = file.xib; path = DisplayCustomerView.xib; sourceTree = "<group>"; };
		232DE571222A149900BBFC44 /* CreateMovieViewController.swift */ = {isa = PBXFileReference; lastKnownFileType = sourcecode.swift; path = CreateMovieViewController.swift; sourceTree = "<group>"; };
		232DE573222A14E400BBFC44 /* DeleteMovieViewController.swift */ = {isa = PBXFileReference; lastKnownFileType = sourcecode.swift; path = DeleteMovieViewController.swift; sourceTree = "<group>"; };
		232DE575222A150000BBFC44 /* DisplayMovieViewController.swift */ = {isa = PBXFileReference; lastKnownFileType = sourcecode.swift; path = DisplayMovieViewController.swift; sourceTree = "<group>"; };
		232DE577222A151000BBFC44 /* CreateBookingViewController.swift */ = {isa = PBXFileReference; lastKnownFileType = sourcecode.swift; path = CreateBookingViewController.swift; sourceTree = "<group>"; };
		232DE579222A155000BBFC44 /* SearchBookingViewController.swift */ = {isa = PBXFileReference; lastKnownFileType = sourcecode.swift; path = SearchBookingViewController.swift; sourceTree = "<group>"; };
		232DE57B222A158300BBFC44 /* DeleteBookingViewController.swift */ = {isa = PBXFileReference; lastKnownFileType = sourcecode.swift; path = DeleteBookingViewController.swift; sourceTree = "<group>"; };
		232DE57D222A159B00BBFC44 /* CreateMovieView.xib */ = {isa = PBXFileReference; lastKnownFileType = file.xib; path = CreateMovieView.xib; sourceTree = "<group>"; };
		232DE57F222A19C200BBFC44 /* DeleteMovieView.xib */ = {isa = PBXFileReference; lastKnownFileType = file.xib; path = DeleteMovieView.xib; sourceTree = "<group>"; };
		232DE581222A1A2800BBFC44 /* DisplayMovieView.xib */ = {isa = PBXFileReference; lastKnownFileType = file.xib; path = DisplayMovieView.xib; sourceTree = "<group>"; };
		232DE583222A1A7800BBFC44 /* CreateBookingView.xib */ = {isa = PBXFileReference; lastKnownFileType = file.xib; path = CreateBookingView.xib; sourceTree = "<group>"; };
		232DE585222A1BFC00BBFC44 /* DeleteBookingView.xib */ = {isa = PBXFileReference; lastKnownFileType = file.xib; path = DeleteBookingView.xib; sourceTree = "<group>"; };
		232DE587222A1C9100BBFC44 /* SearchBookingView.xib */ = {isa = PBXFileReference; lastKnownFileType = file.xib; path = SearchBookingView.xib; sourceTree = "<group>"; };
		232DE589222A539100BBFC44 /* DisplayBookingViewController.swift */ = {isa = PBXFileReference; lastKnownFileType = sourcecode.swift; path = DisplayBookingViewController.swift; sourceTree = "<group>"; };
		232DE58B222A53B800BBFC44 /* DisplayBookingView.xib */ = {isa = PBXFileReference; lastKnownFileType = file.xib; path = DisplayBookingView.xib; sourceTree = "<group>"; };
		232DE58E222A576E00BBFC44 /* Booking.swift */ = {isa = PBXFileReference; lastKnownFileType = sourcecode.swift; path = Booking.swift; sourceTree = "<group>"; };
		232DE590222A578800BBFC44 /* Customer.swift */ = {isa = PBXFileReference; lastKnownFileType = sourcecode.swift; path = Customer.swift; sourceTree = "<group>"; };
		232DE592222A57A200BBFC44 /* Movie.swift */ = {isa = PBXFileReference; lastKnownFileType = sourcecode.swift; path = Movie.swift; sourceTree = "<group>"; };
		23508A72222983C0007727CE /* ManageBookingViewController.swift */ = {isa = PBXFileReference; lastKnownFileType = sourcecode.swift; path = ManageBookingViewController.swift; sourceTree = "<group>"; };
		23508A7822298445007727CE /* ManageBookingMenu.xib */ = {isa = PBXFileReference; lastKnownFileType = file.xib; path = ManageBookingMenu.xib; sourceTree = "<group>"; };
		2379BCE32227200000815893 /* assignment6.app */ = {isa = PBXFileReference; explicitFileType = wrapper.application; includeInIndex = 0; path = assignment6.app; sourceTree = BUILT_PRODUCTS_DIR; };
		2379BCE62227200000815893 /* AppDelegate.swift */ = {isa = PBXFileReference; lastKnownFileType = sourcecode.swift; path = AppDelegate.swift; sourceTree = "<group>"; };
		2379BCE82227200000815893 /* ViewController.swift */ = {isa = PBXFileReference; lastKnownFileType = sourcecode.swift; path = ViewController.swift; sourceTree = "<group>"; };
		2379BCED2227200200815893 /* Assets.xcassets */ = {isa = PBXFileReference; lastKnownFileType = folder.assetcatalog; path = Assets.xcassets; sourceTree = "<group>"; };
		2379BCF02227200200815893 /* Base */ = {isa = PBXFileReference; lastKnownFileType = file.storyboard; name = Base; path = Base.lproj/LaunchScreen.storyboard; sourceTree = "<group>"; };
		2379BCF22227200200815893 /* Info.plist */ = {isa = PBXFileReference; lastKnownFileType = text.plist.xml; path = Info.plist; sourceTree = "<group>"; };
		2379BCF72227200200815893 /* assignment6Tests.xctest */ = {isa = PBXFileReference; explicitFileType = wrapper.cfbundle; includeInIndex = 0; path = assignment6Tests.xctest; sourceTree = BUILT_PRODUCTS_DIR; };
		2379BCFB2227200200815893 /* assignment6Tests.swift */ = {isa = PBXFileReference; lastKnownFileType = sourcecode.swift; path = assignment6Tests.swift; sourceTree = "<group>"; };
		2379BCFD2227200200815893 /* Info.plist */ = {isa = PBXFileReference; lastKnownFileType = text.plist.xml; path = Info.plist; sourceTree = "<group>"; };
		2379BD022227200200815893 /* assignment6UITests.xctest */ = {isa = PBXFileReference; explicitFileType = wrapper.cfbundle; includeInIndex = 0; path = assignment6UITests.xctest; sourceTree = BUILT_PRODUCTS_DIR; };
		2379BD062227200200815893 /* assignment6UITests.swift */ = {isa = PBXFileReference; lastKnownFileType = sourcecode.swift; path = assignment6UITests.swift; sourceTree = "<group>"; };
		2379BD082227200200815893 /* Info.plist */ = {isa = PBXFileReference; lastKnownFileType = text.plist.xml; path = Info.plist; sourceTree = "<group>"; };
		2379BD14222729D500815893 /* Main.xib */ = {isa = PBXFileReference; lastKnownFileType = file.xib; path = Main.xib; sourceTree = "<group>"; };
		2379BD1622287D4D00815893 /* ManageCustomerMenu.xib */ = {isa = PBXFileReference; lastKnownFileType = file.xib; path = ManageCustomerMenu.xib; sourceTree = "<group>"; };
		2379BD182228836800815893 /* ManageCustomerViewController.swift */ = {isa = PBXFileReference; lastKnownFileType = sourcecode.swift; path = ManageCustomerViewController.swift; sourceTree = "<group>"; };
		2379BD1A222889CF00815893 /* ManageMovieMenu.xib */ = {isa = PBXFileReference; lastKnownFileType = file.xib; path = ManageMovieMenu.xib; sourceTree = "<group>"; };
		2379BD1C22288A7800815893 /* ManageMovieViewController.swift */ = {isa = PBXFileReference; lastKnownFileType = sourcecode.swift; path = ManageMovieViewController.swift; sourceTree = "<group>"; };
/* End PBXFileReference section */

/* Begin PBXFrameworksBuildPhase section */
		2379BCE022271FFF00815893 /* Frameworks */ = {
			isa = PBXFrameworksBuildPhase;
			buildActionMask = 2147483647;
			files = (
			);
			runOnlyForDeploymentPostprocessing = 0;
		};
		2379BCF42227200200815893 /* Frameworks */ = {
			isa = PBXFrameworksBuildPhase;
			buildActionMask = 2147483647;
			files = (
			);
			runOnlyForDeploymentPostprocessing = 0;
		};
		2379BCFF2227200200815893 /* Frameworks */ = {
			isa = PBXFrameworksBuildPhase;
			buildActionMask = 2147483647;
			files = (
			);
			runOnlyForDeploymentPostprocessing = 0;
		};
/* End PBXFrameworksBuildPhase section */

/* Begin PBXGroup section */
		232DE5662229934D00BBFC44 /* CustomerViewController */ = {
			isa = PBXGroup;
			children = (
				2379BD182228836800815893 /* ManageCustomerViewController.swift */,
				232DE5642229931F00BBFC44 /* CreateCustomerViewController.swift */,
				232DE5672229939100BBFC44 /* DeleteCustomerViewController.swift */,
				232DE5692229944100BBFC44 /* DisplayCustomerViewController.swift */,
			);
			path = CustomerViewController;
			sourceTree = "<group>";
		};
		232DE56B2229A07D00BBFC44 /* MovieViewController */ = {
			isa = PBXGroup;
			children = (
				2379BD1C22288A7800815893 /* ManageMovieViewController.swift */,
				232DE571222A149900BBFC44 /* CreateMovieViewController.swift */,
				232DE573222A14E400BBFC44 /* DeleteMovieViewController.swift */,
				232DE575222A150000BBFC44 /* DisplayMovieViewController.swift */,
			);
			path = MovieViewController;
			sourceTree = "<group>";
		};
		232DE56C2229A08F00BBFC44 /* BookingViewController */ = {
			isa = PBXGroup;
			children = (
				23508A72222983C0007727CE /* ManageBookingViewController.swift */,
				232DE577222A151000BBFC44 /* CreateBookingViewController.swift */,
				232DE579222A155000BBFC44 /* SearchBookingViewController.swift */,
				232DE57B222A158300BBFC44 /* DeleteBookingViewController.swift */,
				232DE589222A539100BBFC44 /* DisplayBookingViewController.swift */,
			);
			path = BookingViewController;
			sourceTree = "<group>";
		};
		232DE58D222A56E700BBFC44 /* Object */ = {
			isa = PBXGroup;
			children = (
				232DE58E222A576E00BBFC44 /* Booking.swift */,
				232DE590222A578800BBFC44 /* Customer.swift */,
				232DE592222A57A200BBFC44 /* Movie.swift */,
			);
			path = Object;
			sourceTree = "<group>";
		};
		23508A74222983CC007727CE /* ViewController */ = {
			isa = PBXGroup;
			children = (
				232DE56C2229A08F00BBFC44 /* BookingViewController */,
				232DE56B2229A07D00BBFC44 /* MovieViewController */,
				232DE5662229934D00BBFC44 /* CustomerViewController */,
				2379BCE82227200000815893 /* ViewController.swift */,
			);
			path = ViewController;
			sourceTree = "<group>";
		};
		23508A75222983E9007727CE /* CustomerView */ = {
			isa = PBXGroup;
			children = (
				2379BD1622287D4D00815893 /* ManageCustomerMenu.xib */,
				232DE56222298F7E00BBFC44 /* CreateCustomerView.xib */,
				232DE56D2229A10A00BBFC44 /* DeleteCustomerView.xib */,
				232DE56F2229A11C00BBFC44 /* DisplayCustomerView.xib */,
			);
			path = CustomerView;
			sourceTree = "<group>";
		};
		23508A762229840B007727CE /* MovieView */ = {
			isa = PBXGroup;
			children = (
				2379BD1A222889CF00815893 /* ManageMovieMenu.xib */,
				232DE57D222A159B00BBFC44 /* CreateMovieView.xib */,
				232DE57F222A19C200BBFC44 /* DeleteMovieView.xib */,
				232DE581222A1A2800BBFC44 /* DisplayMovieView.xib */,
			);
			path = MovieView;
			sourceTree = "<group>";
		};
		23508A7722298413007727CE /* BookingView */ = {
			isa = PBXGroup;
			children = (
				23508A7822298445007727CE /* ManageBookingMenu.xib */,
				232DE583222A1A7800BBFC44 /* CreateBookingView.xib */,
				232DE585222A1BFC00BBFC44 /* DeleteBookingView.xib */,
				232DE587222A1C9100BBFC44 /* SearchBookingView.xib */,
				232DE58B222A53B800BBFC44 /* DisplayBookingView.xib */,
			);
			path = BookingView;
			sourceTree = "<group>";
		};
		2379BCDA22271FFF00815893 = {
			isa = PBXGroup;
			children = (
				2379BCE52227200000815893 /* assignment6 */,
				2379BCFA2227200200815893 /* assignment6Tests */,
				2379BD052227200200815893 /* assignment6UITests */,
				2379BCE42227200000815893 /* Products */,
			);
			sourceTree = "<group>";
		};
		2379BCE42227200000815893 /* Products */ = {
			isa = PBXGroup;
			children = (
				2379BCE32227200000815893 /* assignment6.app */,
				2379BCF72227200200815893 /* assignment6Tests.xctest */,
				2379BD022227200200815893 /* assignment6UITests.xctest */,
			);
			name = Products;
			sourceTree = "<group>";
		};
		2379BCE52227200000815893 /* assignment6 */ = {
			isa = PBXGroup;
			children = (
				232DE58D222A56E700BBFC44 /* Object */,
				23508A7722298413007727CE /* BookingView */,
				23508A762229840B007727CE /* MovieView */,
				23508A75222983E9007727CE /* CustomerView */,
				23508A74222983CC007727CE /* ViewController */,
				2379BCE62227200000815893 /* AppDelegate.swift */,
				2379BD14222729D500815893 /* Main.xib */,
				2379BCED2227200200815893 /* Assets.xcassets */,
				2379BCEF2227200200815893 /* LaunchScreen.storyboard */,
				2379BCF22227200200815893 /* Info.plist */,
			);
			path = assignment6;
			sourceTree = "<group>";
		};
		2379BCFA2227200200815893 /* assignment6Tests */ = {
			isa = PBXGroup;
			children = (
				2379BCFB2227200200815893 /* assignment6Tests.swift */,
				2379BCFD2227200200815893 /* Info.plist */,
			);
			path = assignment6Tests;
			sourceTree = "<group>";
		};
		2379BD052227200200815893 /* assignment6UITests */ = {
			isa = PBXGroup;
			children = (
				2379BD062227200200815893 /* assignment6UITests.swift */,
				2379BD082227200200815893 /* Info.plist */,
			);
			path = assignment6UITests;
			sourceTree = "<group>";
		};
/* End PBXGroup section */

/* Begin PBXNativeTarget section */
		2379BCE222271FFF00815893 /* assignment6 */ = {
			isa = PBXNativeTarget;
			buildConfigurationList = 2379BD0B2227200200815893 /* Build configuration list for PBXNativeTarget "assignment6" */;
			buildPhases = (
				2379BCDF22271FFF00815893 /* Sources */,
				2379BCE022271FFF00815893 /* Frameworks */,
				2379BCE122271FFF00815893 /* Resources */,
			);
			buildRules = (
			);
			dependencies = (
			);
			name = assignment6;
			productName = assignment6;
			productReference = 2379BCE32227200000815893 /* assignment6.app */;
			productType = "com.apple.product-type.application";
		};
		2379BCF62227200200815893 /* assignment6Tests */ = {
			isa = PBXNativeTarget;
			buildConfigurationList = 2379BD0E2227200200815893 /* Build configuration list for PBXNativeTarget "assignment6Tests" */;
			buildPhases = (
				2379BCF32227200200815893 /* Sources */,
				2379BCF42227200200815893 /* Frameworks */,
				2379BCF52227200200815893 /* Resources */,
			);
			buildRules = (
			);
			dependencies = (
				2379BCF92227200200815893 /* PBXTargetDependency */,
			);
			name = assignment6Tests;
			productName = assignment6Tests;
			productReference = 2379BCF72227200200815893 /* assignment6Tests.xctest */;
			productType = "com.apple.product-type.bundle.unit-test";
		};
		2379BD012227200200815893 /* assignment6UITests */ = {
			isa = PBXNativeTarget;
			buildConfigurationList = 2379BD112227200200815893 /* Build configuration list for PBXNativeTarget "assignment6UITests" */;
			buildPhases = (
				2379BCFE2227200200815893 /* Sources */,
				2379BCFF2227200200815893 /* Frameworks */,
				2379BD002227200200815893 /* Resources */,
			);
			buildRules = (
			);
			dependencies = (
				2379BD042227200200815893 /* PBXTargetDependency */,
			);
			name = assignment6UITests;
			productName = assignment6UITests;
			productReference = 2379BD022227200200815893 /* assignment6UITests.xctest */;
			productType = "com.apple.product-type.bundle.ui-testing";
		};
/* End PBXNativeTarget section */

/* Begin PBXProject section */
		2379BCDB22271FFF00815893 /* Project object */ = {
			isa = PBXProject;
			attributes = {
				LastSwiftUpdateCheck = 1010;
				LastUpgradeCheck = 1010;
				ORGANIZATIONNAME = XinyunChen;
				TargetAttributes = {
					2379BCE222271FFF00815893 = {
						CreatedOnToolsVersion = 10.1;
					};
					2379BCF62227200200815893 = {
						CreatedOnToolsVersion = 10.1;
						TestTargetID = 2379BCE222271FFF00815893;
					};
					2379BD012227200200815893 = {
						CreatedOnToolsVersion = 10.1;
						TestTargetID = 2379BCE222271FFF00815893;
					};
				};
			};
			buildConfigurationList = 2379BCDE22271FFF00815893 /* Build configuration list for PBXProject "assignment6" */;
			compatibilityVersion = "Xcode 9.3";
			developmentRegion = en;
			hasScannedForEncodings = 0;
			knownRegions = (
				en,
				Base,
			);
			mainGroup = 2379BCDA22271FFF00815893;
			productRefGroup = 2379BCE42227200000815893 /* Products */;
			projectDirPath = "";
			projectRoot = "";
			targets = (
				2379BCE222271FFF00815893 /* assignment6 */,
				2379BCF62227200200815893 /* assignment6Tests */,
				2379BD012227200200815893 /* assignment6UITests */,
			);
		};
/* End PBXProject section */

/* Begin PBXResourcesBuildPhase section */
		2379BCE122271FFF00815893 /* Resources */ = {
			isa = PBXResourcesBuildPhase;
			buildActionMask = 2147483647;
			files = (
				2379BCF12227200200815893 /* LaunchScreen.storyboard in Resources */,
				232DE58C222A53B800BBFC44 /* DisplayBookingView.xib in Resources */,
				2379BD1B222889CF00815893 /* ManageMovieMenu.xib in Resources */,
				2379BCEE2227200200815893 /* Assets.xcassets in Resources */,
				232DE57E222A159B00BBFC44 /* CreateMovieView.xib in Resources */,
				232DE580222A19C200BBFC44 /* DeleteMovieView.xib in Resources */,
				23508A7922298445007727CE /* ManageBookingMenu.xib in Resources */,
				2379BD15222729D500815893 /* Main.xib in Resources */,
				232DE5702229A11C00BBFC44 /* DisplayCustomerView.xib in Resources */,
				2379BD1722287D4D00815893 /* ManageCustomerMenu.xib in Resources */,
				232DE56322298F7E00BBFC44 /* CreateCustomerView.xib in Resources */,
				232DE584222A1A7800BBFC44 /* CreateBookingView.xib in Resources */,
				232DE582222A1A2800BBFC44 /* DisplayMovieView.xib in Resources */,
				232DE56E2229A10A00BBFC44 /* DeleteCustomerView.xib in Resources */,
				232DE586222A1BFC00BBFC44 /* DeleteBookingView.xib in Resources */,
				232DE588222A1C9100BBFC44 /* SearchBookingView.xib in Resources */,
			);
			runOnlyForDeploymentPostprocessing = 0;
		};
		2379BCF52227200200815893 /* Resources */ = {
			isa = PBXResourcesBuildPhase;
			buildActionMask = 2147483647;
			files = (
			);
			runOnlyForDeploymentPostprocessing = 0;
		};
		2379BD002227200200815893 /* Resources */ = {
			isa = PBXResourcesBuildPhase;
			buildActionMask = 2147483647;
			files = (
			);
			runOnlyForDeploymentPostprocessing = 0;
		};
/* End PBXResourcesBuildPhase section */

/* Begin PBXSourcesBuildPhase section */
		2379BCDF22271FFF00815893 /* Sources */ = {
			isa = PBXSourcesBuildPhase;
			buildActionMask = 2147483647;
			files = (
				2379BCE92227200000815893 /* ViewController.swift in Sources */,
				232DE58F222A576E00BBFC44 /* Booking.swift in Sources */,
				232DE593222A57A200BBFC44 /* Movie.swift in Sources */,
				23508A73222983C0007727CE /* ManageBookingViewController.swift in Sources */,
				232DE576222A150000BBFC44 /* DisplayMovieViewController.swift in Sources */,
				232DE574222A14E400BBFC44 /* DeleteMovieViewController.swift in Sources */,
				232DE578222A151000BBFC44 /* CreateBookingViewController.swift in Sources */,
				232DE57A222A155000BBFC44 /* SearchBookingViewController.swift in Sources */,
				2379BD192228836800815893 /* ManageCustomerViewController.swift in Sources */,
				232DE5682229939100BBFC44 /* DeleteCustomerViewController.swift in Sources */,
				2379BD1D22288A7800815893 /* ManageMovieViewController.swift in Sources */,
				232DE56A2229944100BBFC44 /* DisplayCustomerViewController.swift in Sources */,
				232DE591222A578800BBFC44 /* Customer.swift in Sources */,
				232DE58A222A539100BBFC44 /* DisplayBookingViewController.swift in Sources */,
				232DE572222A149900BBFC44 /* CreateMovieViewController.swift in Sources */,
				232DE5652229931F00BBFC44 /* CreateCustomerViewController.swift in Sources */,
				2379BCE72227200000815893 /* AppDelegate.swift in Sources */,
				232DE57C222A158300BBFC44 /* DeleteBookingViewController.swift in Sources */,
			);
			runOnlyForDeploymentPostprocessing = 0;
		};
		2379BCF32227200200815893 /* Sources */ = {
			isa = PBXSourcesBuildPhase;
			buildActionMask = 2147483647;
			files = (
				2379BCFC2227200200815893 /* assignment6Tests.swift in Sources */,
			);
			runOnlyForDeploymentPostprocessing = 0;
		};
		2379BCFE2227200200815893 /* Sources */ = {
			isa = PBXSourcesBuildPhase;
			buildActionMask = 2147483647;
			files = (
				2379BD072227200200815893 /* assignment6UITests.swift in Sources */,
			);
			runOnlyForDeploymentPostprocessing = 0;
		};
/* End PBXSourcesBuildPhase section */

/* Begin PBXTargetDependency section */
		2379BCF92227200200815893 /* PBXTargetDependency */ = {
			isa = PBXTargetDependency;
			target = 2379BCE222271FFF00815893 /* assignment6 */;
			targetProxy = 2379BCF82227200200815893 /* PBXContainerItemProxy */;
		};
		2379BD042227200200815893 /* PBXTargetDependency */ = {
			isa = PBXTargetDependency;
			target = 2379BCE222271FFF00815893 /* assignment6 */;
			targetProxy = 2379BD032227200200815893 /* PBXContainerItemProxy */;
		};
/* End PBXTargetDependency section */

/* Begin PBXVariantGroup section */
		2379BCEF2227200200815893 /* LaunchScreen.storyboard */ = {
			isa = PBXVariantGroup;
			children = (
				2379BCF02227200200815893 /* Base */,
			);
			name = LaunchScreen.storyboard;
			sourceTree = "<group>";
		};
/* End PBXVariantGroup section */

/* Begin XCBuildConfiguration section */
		2379BD092227200200815893 /* Debug */ = {
			isa = XCBuildConfiguration;
			buildSettings = {
				ALWAYS_SEARCH_USER_PATHS = NO;
				CLANG_ANALYZER_NONNULL = YES;
				CLANG_ANALYZER_NUMBER_OBJECT_CONVERSION = YES_AGGRESSIVE;
				CLANG_CXX_LANGUAGE_STANDARD = "gnu++14";
				CLANG_CXX_LIBRARY = "libc++";
				CLANG_ENABLE_MODULES = YES;
				CLANG_ENABLE_OBJC_ARC = YES;
				CLANG_ENABLE_OBJC_WEAK = YES;
				CLANG_WARN_BLOCK_CAPTURE_AUTORELEASING = YES;
				CLANG_WARN_BOOL_CONVERSION = YES;
				CLANG_WARN_COMMA = YES;
				CLANG_WARN_CONSTANT_CONVERSION = YES;
				CLANG_WARN_DEPRECATED_OBJC_IMPLEMENTATIONS = YES;
				CLANG_WARN_DIRECT_OBJC_ISA_USAGE = YES_ERROR;
				CLANG_WARN_DOCUMENTATION_COMMENTS = YES;
				CLANG_WARN_EMPTY_BODY = YES;
				CLANG_WARN_ENUM_CONVERSION = YES;
				CLANG_WARN_INFINITE_RECURSION = YES;
				CLANG_WARN_INT_CONVERSION = YES;
				CLANG_WARN_NON_LITERAL_NULL_CONVERSION = YES;
				CLANG_WARN_OBJC_IMPLICIT_RETAIN_SELF = YES;
				CLANG_WARN_OBJC_LITERAL_CONVERSION = YES;
				CLANG_WARN_OBJC_ROOT_CLASS = YES_ERROR;
				CLANG_WARN_RANGE_LOOP_ANALYSIS = YES;
				CLANG_WARN_STRICT_PROTOTYPES = YES;
				CLANG_WARN_SUSPICIOUS_MOVE = YES;
				CLANG_WARN_UNGUARDED_AVAILABILITY = YES_AGGRESSIVE;
				CLANG_WARN_UNREACHABLE_CODE = YES;
				CLANG_WARN__DUPLICATE_METHOD_MATCH = YES;
				CODE_SIGN_IDENTITY = "iPhone Developer";
				COPY_PHASE_STRIP = NO;
				DEBUG_INFORMATION_FORMAT = dwarf;
				ENABLE_STRICT_OBJC_MSGSEND = YES;
				ENABLE_TESTABILITY = YES;
				GCC_C_LANGUAGE_STANDARD = gnu11;
				GCC_DYNAMIC_NO_PIC = NO;
				GCC_NO_COMMON_BLOCKS = YES;
				GCC_OPTIMIZATION_LEVEL = 0;
				GCC_PREPROCESSOR_DEFINITIONS = (
					"DEBUG=1",
					"$(inherited)",
				);
				GCC_WARN_64_TO_32_BIT_CONVERSION = YES;
				GCC_WARN_ABOUT_RETURN_TYPE = YES_ERROR;
				GCC_WARN_UNDECLARED_SELECTOR = YES;
				GCC_WARN_UNINITIALIZED_AUTOS = YES_AGGRESSIVE;
				GCC_WARN_UNUSED_FUNCTION = YES;
				GCC_WARN_UNUSED_VARIABLE = YES;
				IPHONEOS_DEPLOYMENT_TARGET = 12.1;
				MTL_ENABLE_DEBUG_INFO = INCLUDE_SOURCE;
				MTL_FAST_MATH = YES;
				ONLY_ACTIVE_ARCH = YES;
				SDKROOT = iphoneos;
				SWIFT_ACTIVE_COMPILATION_CONDITIONS = DEBUG;
				SWIFT_OPTIMIZATION_LEVEL = "-Onone";
			};
			name = Debug;
		};
		2379BD0A2227200200815893 /* Release */ = {
			isa = XCBuildConfiguration;
			buildSettings = {
				ALWAYS_SEARCH_USER_PATHS = NO;
				CLANG_ANALYZER_NONNULL = YES;
				CLANG_ANALYZER_NUMBER_OBJECT_CONVERSION = YES_AGGRESSIVE;
				CLANG_CXX_LANGUAGE_STANDARD = "gnu++14";
				CLANG_CXX_LIBRARY = "libc++";
				CLANG_ENABLE_MODULES = YES;
				CLANG_ENABLE_OBJC_ARC = YES;
				CLANG_ENABLE_OBJC_WEAK = YES;
				CLANG_WARN_BLOCK_CAPTURE_AUTORELEASING = YES;
				CLANG_WARN_BOOL_CONVERSION = YES;
				CLANG_WARN_COMMA = YES;
				CLANG_WARN_CONSTANT_CONVERSION = YES;
				CLANG_WARN_DEPRECATED_OBJC_IMPLEMENTATIONS = YES;
				CLANG_WARN_DIRECT_OBJC_ISA_USAGE = YES_ERROR;
				CLANG_WARN_DOCUMENTATION_COMMENTS = YES;
				CLANG_WARN_EMPTY_BODY = YES;
				CLANG_WARN_ENUM_CONVERSION = YES;
				CLANG_WARN_INFINITE_RECURSION = YES;
				CLANG_WARN_INT_CONVERSION = YES;
				CLANG_WARN_NON_LITERAL_NULL_CONVERSION = YES;
				CLANG_WARN_OBJC_IMPLICIT_RETAIN_SELF = YES;
				CLANG_WARN_OBJC_LITERAL_CONVERSION = YES;
				CLANG_WARN_OBJC_ROOT_CLASS = YES_ERROR;
				CLANG_WARN_RANGE_LOOP_ANALYSIS = YES;
				CLANG_WARN_STRICT_PROTOTYPES = YES;
				CLANG_WARN_SUSPICIOUS_MOVE = YES;
				CLANG_WARN_UNGUARDED_AVAILABILITY = YES_AGGRESSIVE;
				CLANG_WARN_UNREACHABLE_CODE = YES;
				CLANG_WARN__DUPLICATE_METHOD_MATCH = YES;
				CODE_SIGN_IDENTITY = "iPhone Developer";
				COPY_PHASE_STRIP = NO;
				DEBUG_INFORMATION_FORMAT = "dwarf-with-dsym";
				ENABLE_NS_ASSERTIONS = NO;
				ENABLE_STRICT_OBJC_MSGSEND = YES;
				GCC_C_LANGUAGE_STANDARD = gnu11;
				GCC_NO_COMMON_BLOCKS = YES;
				GCC_WARN_64_TO_32_BIT_CONVERSION = YES;
				GCC_WARN_ABOUT_RETURN_TYPE = YES_ERROR;
				GCC_WARN_UNDECLARED_SELECTOR = YES;
				GCC_WARN_UNINITIALIZED_AUTOS = YES_AGGRESSIVE;
				GCC_WARN_UNUSED_FUNCTION = YES;
				GCC_WARN_UNUSED_VARIABLE = YES;
				IPHONEOS_DEPLOYMENT_TARGET = 12.1;
				MTL_ENABLE_DEBUG_INFO = NO;
				MTL_FAST_MATH = YES;
				SDKROOT = iphoneos;
				SWIFT_COMPILATION_MODE = wholemodule;
				SWIFT_OPTIMIZATION_LEVEL = "-O";
				VALIDATE_PRODUCT = YES;
			};
			name = Release;
		};
		2379BD0C2227200200815893 /* Debug */ = {
			isa = XCBuildConfiguration;
			buildSettings = {
				ASSETCATALOG_COMPILER_APPICON_NAME = AppIcon;
				CODE_SIGN_STYLE = Automatic;
				INFOPLIST_FILE = assignment6/Info.plist;
				LD_RUNPATH_SEARCH_PATHS = (
					"$(inherited)",
					"@executable_path/Frameworks",
				);
				PRODUCT_BUNDLE_IDENTIFIER = com.6350.assignment6;
				PRODUCT_NAME = "$(TARGET_NAME)";
				SWIFT_VERSION = 4.2;
				TARGETED_DEVICE_FAMILY = 1;
			};
			name = Debug;
		};
		2379BD0D2227200200815893 /* Release */ = {
			isa = XCBuildConfiguration;
			buildSettings = {
				ASSETCATALOG_COMPILER_APPICON_NAME = AppIcon;
				CODE_SIGN_STYLE = Automatic;
				INFOPLIST_FILE = assignment6/Info.plist;
				LD_RUNPATH_SEARCH_PATHS = (
					"$(inherited)",
					"@executable_path/Frameworks",
				);
				PRODUCT_BUNDLE_IDENTIFIER = com.6350.assignment6;
				PRODUCT_NAME = "$(TARGET_NAME)";
				SWIFT_VERSION = 4.2;
				TARGETED_DEVICE_FAMILY = 1;
			};
			name = Release;
		};
		2379BD0F2227200200815893 /* Debug */ = {
			isa = XCBuildConfiguration;
			buildSettings = {
				ALWAYS_EMBED_SWIFT_STANDARD_LIBRARIES = YES;
				BUNDLE_LOADER = "$(TEST_HOST)";
				CODE_SIGN_STYLE = Automatic;
				INFOPLIST_FILE = assignment6Tests/Info.plist;
				LD_RUNPATH_SEARCH_PATHS = (
					"$(inherited)",
					"@executable_path/Frameworks",
					"@loader_path/Frameworks",
				);
				PRODUCT_BUNDLE_IDENTIFIER = com.6350.assignment6Tests;
				PRODUCT_NAME = "$(TARGET_NAME)";
				SWIFT_VERSION = 4.2;
				TARGETED_DEVICE_FAMILY = "1,2";
				TEST_HOST = "$(BUILT_PRODUCTS_DIR)/assignment6.app/assignment6";
			};
			name = Debug;
		};
		2379BD102227200200815893 /* Release */ = {
			isa = XCBuildConfiguration;
			buildSettings = {
				ALWAYS_EMBED_SWIFT_STANDARD_LIBRARIES = YES;
				BUNDLE_LOADER = "$(TEST_HOST)";
				CODE_SIGN_STYLE = Automatic;
				INFOPLIST_FILE = assignment6Tests/Info.plist;
				LD_RUNPATH_SEARCH_PATHS = (
					"$(inherited)",
					"@executable_path/Frameworks",
					"@loader_path/Frameworks",
				);
				PRODUCT_BUNDLE_IDENTIFIER = com.6350.assignment6Tests;
				PRODUCT_NAME = "$(TARGET_NAME)";
				SWIFT_VERSION = 4.2;
				TARGETED_DEVICE_FAMILY = "1,2";
				TEST_HOST = "$(BUILT_PRODUCTS_DIR)/assignment6.app/assignment6";
			};
			name = Release;
		};
		2379BD122227200200815893 /* Debug */ = {
			isa = XCBuildConfiguration;
			buildSettings = {
				ALWAYS_EMBED_SWIFT_STANDARD_LIBRARIES = YES;
				CODE_SIGN_STYLE = Automatic;
				INFOPLIST_FILE = assignment6UITests/Info.plist;
				LD_RUNPATH_SEARCH_PATHS = (
					"$(inherited)",
					"@executable_path/Frameworks",
					"@loader_path/Frameworks",
				);
				PRODUCT_BUNDLE_IDENTIFIER = com.6350.assignment6UITests;
				PRODUCT_NAME = "$(TARGET_NAME)";
				SWIFT_VERSION = 4.2;
				TARGETED_DEVICE_FAMILY = "1,2";
				TEST_TARGET_NAME = assignment6;
			};
			name = Debug;
		};
		2379BD132227200200815893 /* Release */ = {
			isa = XCBuildConfiguration;
			buildSettings = {
				ALWAYS_EMBED_SWIFT_STANDARD_LIBRARIES = YES;
				CODE_SIGN_STYLE = Automatic;
				INFOPLIST_FILE = assignment6UITests/Info.plist;
				LD_RUNPATH_SEARCH_PATHS = (
					"$(inherited)",
					"@executable_path/Frameworks",
					"@loader_path/Frameworks",
				);
				PRODUCT_BUNDLE_IDENTIFIER = com.6350.assignment6UITests;
				PRODUCT_NAME = "$(TARGET_NAME)";
				SWIFT_VERSION = 4.2;
				TARGETED_DEVICE_FAMILY = "1,2";
				TEST_TARGET_NAME = assignment6;
			};
			name = Release;
		};
/* End XCBuildConfiguration section */

/* Begin XCConfigurationList section */
		2379BCDE22271FFF00815893 /* Build configuration list for PBXProject "assignment6" */ = {
			isa = XCConfigurationList;
			buildConfigurations = (
				2379BD092227200200815893 /* Debug */,
				2379BD0A2227200200815893 /* Release */,
			);
			defaultConfigurationIsVisible = 0;
			defaultConfigurationName = Release;
		};
		2379BD0B2227200200815893 /* Build configuration list for PBXNativeTarget "assignment6" */ = {
			isa = XCConfigurationList;
			buildConfigurations = (
				2379BD0C2227200200815893 /* Debug */,
				2379BD0D2227200200815893 /* Release */,
			);
			defaultConfigurationIsVisible = 0;
			defaultConfigurationName = Release;
		};
		2379BD0E2227200200815893 /* Build configuration list for PBXNativeTarget "assignment6Tests" */ = {
			isa = XCConfigurationList;
			buildConfigurations = (
				2379BD0F2227200200815893 /* Debug */,
				2379BD102227200200815893 /* Release */,
			);
			defaultConfigurationIsVisible = 0;
			defaultConfigurationName = Release;
		};
		2379BD112227200200815893 /* Build configuration list for PBXNativeTarget "assignment6UITests" */ = {
			isa = XCConfigurationList;
			buildConfigurations = (
				2379BD122227200200815893 /* Debug */,
				2379BD132227200200815893 /* Release */,
			);
			defaultConfigurationIsVisible = 0;
			defaultConfigurationName = Release;
		};
/* End XCConfigurationList section */
	};
	rootObject = 2379BCDB22271FFF00815893 /* Project object */;
}
